
Microsoft Visual Studio Solution File, Format Version 12.00
# Visual Studio Version 17
VisualStudioVersion = 17.7.34024.191
MinimumVisualStudioVersion = 10.0.40219.1
Project("{FAE04EC0-301F-11D3-BF4B-00C04F79EFBC}") = "RollerCoasters", "RollerCoasters\RollerCoasters.csproj", "{0B39E52D-4DC1-4F90-B5C9-6230A7351238}"
EndProject
Global
	GlobalSection(SolutionConfigurationPlatforms) = preSolution
		Debug|Any CPU = Debug|Any CPU
		Release|Any CPU = Release|Any CPU
	EndGlobalSection
	GlobalSection(ProjectConfigurationPlatforms) = postSolution
		{0B39E52D-4DC1-4F90-B5C9-6230A7351238}.Debug|Any CPU.ActiveCfg = Debug|Any CPU
		{0B39E52D-4DC1-4F90-B5C9-6230A7351238}.Debug|Any CPU.Build.0 = Debug|Any CPU
		{0B39E52D-4DC1-4F90-B5C9-6230A7351238}.Release|Any CPU.ActiveCfg = Release|Any CPU
		{0B39E52D-4DC1-4F90-B5C9-6230A7351238}.Release|Any CPU.Build.0 = Release|Any CPU
	EndGlobalSection
	GlobalSection(SolutionProperties) = preSolution
		HideSolutionNode = FALSE
	EndGlobalSection
	GlobalSection(ExtensibilityGlobals) = postSolution
		SolutionGuid = {FB665026-A4D7-4289-92CB-F01DA1F70055}
	EndGlobalSection
EndGlobal
